
Microsoft Visual Studio Solution File, Format Version 12.00
# Visual Studio Version 17
VisualStudioVersion = 17.8.34511.84
MinimumVisualStudioVersion = 10.0.40219.1
Project("{FAE04EC0-301F-11D3-BF4B-00C04F79EFBC}") = "EDoctor", "EDoctor\EDoctor.csproj", "{36291E3B-0B0B-4CAE-A4EC-D01D434398C0}"
EndProject
Global
	GlobalSection(SolutionConfigurationPlatforms) = preSolution
		Debug|Any CPU = Debug|Any CPU
		Release|Any CPU = Release|Any CPU
	EndGlobalSection
	GlobalSection(ProjectConfigurationPlatforms) = postSolution
		{36291E3B-0B0B-4CAE-A4EC-D01D434398C0}.Debug|Any CPU.ActiveCfg = Debug|Any CPU
		{36291E3B-0B0B-4CAE-A4EC-D01D434398C0}.Debug|Any CPU.Build.0 = Debug|Any CPU
		{36291E3B-0B0B-4CAE-A4EC-D01D434398C0}.Release|Any CPU.ActiveCfg = Release|Any CPU
		{36291E3B-0B0B-4CAE-A4EC-D01D434398C0}.Release|Any CPU.Build.0 = Release|Any CPU
	EndGlobalSection
	GlobalSection(SolutionProperties) = preSolution
		HideSolutionNode = FALSE
	EndGlobalSection
	GlobalSection(ExtensibilityGlobals) = postSolution
		SolutionGuid = {0EADC81C-7075-4712-8370-27F15E6E439D}
	EndGlobalSection
EndGlobal
